
Microsoft Visual Studio Solution File, Format Version 12.00
# Visual Studio 15
VisualStudioVersion = 15.0.28307.489
MinimumVisualStudioVersion = 10.0.40219.1
Project("{8BC9CEB8-8B4A-11D0-8D11-00A0C91BC942}") = "AVL", "AVL\AVL.vcxproj", "{B6A9231B-F10B-4D1F-8D09-5FB971889107}"
EndProject
Global
	GlobalSection(SolutionConfigurationPlatforms) = preSolution
		Debug|x64 = Debug|x64
		Debug|x86 = Debug|x86
		Release|x64 = Release|x64
		Release|x86 = Release|x86
	EndGlobalSection
	GlobalSection(ProjectConfigurationPlatforms) = postSolution
		{B6A9231B-F10B-4D1F-8D09-5FB971889107}.Debug|x64.ActiveCfg = Debug|x64
		{B6A9231B-F10B-4D1F-8D09-5FB971889107}.Debug|x64.Build.0 = Debug|x64
		{B6A9231B-F10B-4D1F-8D09-5FB971889107}.Debug|x86.ActiveCfg = Debug|Win32
		{B6A9231B-F10B-4D1F-8D09-5FB971889107}.Debug|x86.Build.0 = Debug|Win32
		{B6A9231B-F10B-4D1F-8D09-5FB971889107}.Release|x64.ActiveCfg = Release|x64
		{B6A9231B-F10B-4D1F-8D09-5FB971889107}.Release|x64.Build.0 = Release|x64
		{B6A9231B-F10B-4D1F-8D09-5FB971889107}.Release|x86.ActiveCfg = Release|Win32
		{B6A9231B-F10B-4D1F-8D09-5FB971889107}.Release|x86.Build.0 = Release|Win32
	EndGlobalSection
	GlobalSection(SolutionProperties) = preSolution
		HideSolutionNode = FALSE
	EndGlobalSection
	GlobalSection(ExtensibilityGlobals) = postSolution
		SolutionGuid = {9F1275E2-0EB0-4749-A6A4-CBAFD2AFE8DC}
	EndGlobalSection
EndGlobal
