
Microsoft Visual Studio Solution File, Format Version 12.00
# Visual Studio 15
VisualStudioVersion = 15.0.28307.902
MinimumVisualStudioVersion = 10.0.40219.1
Project("{8BC9CEB8-8B4A-11D0-8D11-00A0C91BC942}") = "LAB_30", "LAB_30\LAB_30.vcxproj", "{63CDD083-1628-4F9C-AA89-D917758F98AB}"
EndProject
Global
	GlobalSection(SolutionConfigurationPlatforms) = preSolution
		Debug|x64 = Debug|x64
		Debug|x86 = Debug|x86
		Release|x64 = Release|x64
		Release|x86 = Release|x86
	EndGlobalSection
	GlobalSection(ProjectConfigurationPlatforms) = postSolution
		{63CDD083-1628-4F9C-AA89-D917758F98AB}.Debug|x64.ActiveCfg = Debug|x64
		{63CDD083-1628-4F9C-AA89-D917758F98AB}.Debug|x64.Build.0 = Debug|x64
		{63CDD083-1628-4F9C-AA89-D917758F98AB}.Debug|x86.ActiveCfg = Debug|Win32
		{63CDD083-1628-4F9C-AA89-D917758F98AB}.Debug|x86.Build.0 = Debug|Win32
		{63CDD083-1628-4F9C-AA89-D917758F98AB}.Release|x64.ActiveCfg = Release|x64
		{63CDD083-1628-4F9C-AA89-D917758F98AB}.Release|x64.Build.0 = Release|x64
		{63CDD083-1628-4F9C-AA89-D917758F98AB}.Release|x86.ActiveCfg = Release|Win32
		{63CDD083-1628-4F9C-AA89-D917758F98AB}.Release|x86.Build.0 = Release|Win32
	EndGlobalSection
	GlobalSection(SolutionProperties) = preSolution
		HideSolutionNode = FALSE
	EndGlobalSection
	GlobalSection(ExtensibilityGlobals) = postSolution
		SolutionGuid = {FFDA374A-5BB4-4440-9C56-0A3CA2DE3682}
	EndGlobalSection
EndGlobal
