
Microsoft Visual Studio Solution File, Format Version 12.00
# Visual Studio 15
VisualStudioVersion = 15.0.27703.1
MinimumVisualStudioVersion = 10.0.40219.1
Project("{8BC9CEB8-8B4A-11D0-8D11-00A0C91BC942}") = "test2", "test2\test2.vcxproj", "{7D760F24-BBFF-4E24-A4AE-788EB522A2B1}"
EndProject
Project("{8BC9CEB8-8B4A-11D0-8D11-00A0C91BC942}") = "test_biblioteki_dll", "test_biblioteki_dll\test_biblioteki_dll.vcxproj", "{B18D9E7D-A30B-4B9B-9F46-C63928F21DF7}"
EndProject
Global
	GlobalSection(SolutionConfigurationPlatforms) = preSolution
		Debug|x64 = Debug|x64
		Debug|x86 = Debug|x86
		Release|x64 = Release|x64
		Release|x86 = Release|x86
	EndGlobalSection
	GlobalSection(ProjectConfigurationPlatforms) = postSolution
		{7D760F24-BBFF-4E24-A4AE-788EB522A2B1}.Debug|x64.ActiveCfg = Debug|x64
		{7D760F24-BBFF-4E24-A4AE-788EB522A2B1}.Debug|x64.Build.0 = Debug|x64
		{7D760F24-BBFF-4E24-A4AE-788EB522A2B1}.Debug|x86.ActiveCfg = Debug|Win32
		{7D760F24-BBFF-4E24-A4AE-788EB522A2B1}.Debug|x86.Build.0 = Debug|Win32
		{7D760F24-BBFF-4E24-A4AE-788EB522A2B1}.Release|x64.ActiveCfg = Release|x64
		{7D760F24-BBFF-4E24-A4AE-788EB522A2B1}.Release|x64.Build.0 = Release|x64
		{7D760F24-BBFF-4E24-A4AE-788EB522A2B1}.Release|x86.ActiveCfg = Release|Win32
		{7D760F24-BBFF-4E24-A4AE-788EB522A2B1}.Release|x86.Build.0 = Release|Win32
		{B18D9E7D-A30B-4B9B-9F46-C63928F21DF7}.Debug|x64.ActiveCfg = Debug|x64
		{B18D9E7D-A30B-4B9B-9F46-C63928F21DF7}.Debug|x64.Build.0 = Debug|x64
		{B18D9E7D-A30B-4B9B-9F46-C63928F21DF7}.Debug|x86.ActiveCfg = Debug|Win32
		{B18D9E7D-A30B-4B9B-9F46-C63928F21DF7}.Debug|x86.Build.0 = Debug|Win32
		{B18D9E7D-A30B-4B9B-9F46-C63928F21DF7}.Release|x64.ActiveCfg = Release|x64
		{B18D9E7D-A30B-4B9B-9F46-C63928F21DF7}.Release|x64.Build.0 = Release|x64
		{B18D9E7D-A30B-4B9B-9F46-C63928F21DF7}.Release|x86.ActiveCfg = Release|Win32
		{B18D9E7D-A30B-4B9B-9F46-C63928F21DF7}.Release|x86.Build.0 = Release|Win32
	EndGlobalSection
	GlobalSection(SolutionProperties) = preSolution
		HideSolutionNode = FALSE
	EndGlobalSection
	GlobalSection(ExtensibilityGlobals) = postSolution
		SolutionGuid = {B1AF519A-7FC2-459D-9DE2-F70A1077CCA0}
	EndGlobalSection
EndGlobal
