
Microsoft Visual Studio Solution File, Format Version 12.00
# Visual Studio 15
VisualStudioVersion = 15.0.28307.489
MinimumVisualStudioVersion = 10.0.40219.1
Project("{8BC9CEB8-8B4A-11D0-8D11-00A0C91BC942}") = "Project3", "Project3\Project3.vcxproj", "{D0346DAC-B139-4A01-94B2-56FE9A2B4384}"
EndProject
Global
	GlobalSection(SolutionConfigurationPlatforms) = preSolution
		Debug|x64 = Debug|x64
		Debug|x86 = Debug|x86
		Release|x64 = Release|x64
		Release|x86 = Release|x86
	EndGlobalSection
	GlobalSection(ProjectConfigurationPlatforms) = postSolution
		{D0346DAC-B139-4A01-94B2-56FE9A2B4384}.Debug|x64.ActiveCfg = Debug|x64
		{D0346DAC-B139-4A01-94B2-56FE9A2B4384}.Debug|x64.Build.0 = Debug|x64
		{D0346DAC-B139-4A01-94B2-56FE9A2B4384}.Debug|x86.ActiveCfg = Debug|Win32
		{D0346DAC-B139-4A01-94B2-56FE9A2B4384}.Debug|x86.Build.0 = Debug|Win32
		{D0346DAC-B139-4A01-94B2-56FE9A2B4384}.Release|x64.ActiveCfg = Release|x64
		{D0346DAC-B139-4A01-94B2-56FE9A2B4384}.Release|x64.Build.0 = Release|x64
		{D0346DAC-B139-4A01-94B2-56FE9A2B4384}.Release|x86.ActiveCfg = Release|Win32
		{D0346DAC-B139-4A01-94B2-56FE9A2B4384}.Release|x86.Build.0 = Release|Win32
	EndGlobalSection
	GlobalSection(SolutionProperties) = preSolution
		HideSolutionNode = FALSE
	EndGlobalSection
	GlobalSection(ExtensibilityGlobals) = postSolution
		SolutionGuid = {E683314F-0FCF-43D6-BD65-B110EA974317}
	EndGlobalSection
EndGlobal
